// !$*UTF8*$!
{
	archiveVersion = 1;
	classes = {
	};
	objectVersion = 50;
	objects = {

/* Begin PBXBuildFile section */
		11169633227077CB0081443E /* NewRestaurantTableViewController.swift in Sources */ = {isa = PBXBuildFile; fileRef = 11169632227077CB0081443E /* NewRestaurantTableViewController.swift */; };
		11169635227180FE0081443E /* RoundTextView.swift in Sources */ = {isa = PBXBuildFile; fileRef = 11169634227180FE0081443E /* RoundTextView.swift */; };
		112C8F9122897654000CD87B /* WalkThroughScreen.storyboard in Resources */ = {isa = PBXBuildFile; fileRef = 112C8F9022897654000CD87B /* WalkThroughScreen.storyboard */; };
		112C8F93228ABA90000CD87B /* WalkthrougPageContentViewController.swift in Sources */ = {isa = PBXBuildFile; fileRef = 112C8F92228ABA90000CD87B /* WalkthrougPageContentViewController.swift */; };
		112C8F95228ABDB1000CD87B /* WalkthroughPageViewController.swift in Sources */ = {isa = PBXBuildFile; fileRef = 112C8F94228ABDB1000CD87B /* WalkthroughPageViewController.swift */; };
		112C8F97228AC51F000CD87B /* WalkthroughViewController.swift in Sources */ = {isa = PBXBuildFile; fileRef = 112C8F96228AC51F000CD87B /* WalkthroughViewController.swift */; };
		1143327E22679BF200B3180A /* RestaurantDetailMapViewController.swift in Sources */ = {isa = PBXBuildFile; fileRef = 1143327D22679BF200B3180A /* RestaurantDetailMapViewController.swift */; };
		11433280226B12BF00B3180A /* RestaurantRateViewController.swift in Sources */ = {isa = PBXBuildFile; fileRef = 1143327F226B12BF00B3180A /* RestaurantRateViewController.swift */; };
		118F8985227AD91E0068295C /* foodie.xcdatamodeld in Sources */ = {isa = PBXBuildFile; fileRef = 118F8983227AD91E0068295C /* foodie.xcdatamodeld */; };
		11D18B9E22804EEA006CB7FD /* Assets.xcassets in Resources */ = {isa = PBXBuildFile; fileRef = 11D18B9D22804EEA006CB7FD /* Assets.xcassets */; };
		11FF102A226086A20077F4E7 /* AppDelegate.swift in Sources */ = {isa = PBXBuildFile; fileRef = 11FF1029226086A20077F4E7 /* AppDelegate.swift */; };
		11FF102F226086A20077F4E7 /* Main.storyboard in Resources */ = {isa = PBXBuildFile; fileRef = 11FF102D226086A20077F4E7 /* Main.storyboard */; };
		11FF1034226086A30077F4E7 /* LaunchScreen.storyboard in Resources */ = {isa = PBXBuildFile; fileRef = 11FF1032226086A30077F4E7 /* LaunchScreen.storyboard */; };
		11FF103C2260A5FB0077F4E7 /* RestaurantTableViewController.swift in Sources */ = {isa = PBXBuildFile; fileRef = 11FF103B2260A5FB0077F4E7 /* RestaurantTableViewController.swift */; };
		11FF10422261AA220077F4E7 /* RestaurantTableViewCell.swift in Sources */ = {isa = PBXBuildFile; fileRef = 11FF10412261AA220077F4E7 /* RestaurantTableViewCell.swift */; };
		11FF10442261B18A0077F4E7 /* Restaurant.swift in Sources */ = {isa = PBXBuildFile; fileRef = 11FF10432261B18A0077F4E7 /* Restaurant.swift */; };
		11FF1046226300100077F4E7 /* RestautantDetailViewController.swift in Sources */ = {isa = PBXBuildFile; fileRef = 11FF1045226300100077F4E7 /* RestautantDetailViewController.swift */; };
		11FF1053226470A60077F4E7 /* Rubik-BlackItalic.ttf in Resources */ = {isa = PBXBuildFile; fileRef = 11FF1049226470A60077F4E7 /* Rubik-BlackItalic.ttf */; };
		11FF1054226470A60077F4E7 /* Rubik-Regular.ttf in Resources */ = {isa = PBXBuildFile; fileRef = 11FF104A226470A60077F4E7 /* Rubik-Regular.ttf */; };
		11FF1055226470A60077F4E7 /* Rubik-Black.ttf in Resources */ = {isa = PBXBuildFile; fileRef = 11FF104B226470A60077F4E7 /* Rubik-Black.ttf */; };
		11FF1056226470A60077F4E7 /* Rubik-Italic.ttf in Resources */ = {isa = PBXBuildFile; fileRef = 11FF104C226470A60077F4E7 /* Rubik-Italic.ttf */; };
		11FF1057226470A60077F4E7 /* Rubik-Light.ttf in Resources */ = {isa = PBXBuildFile; fileRef = 11FF104D226470A60077F4E7 /* Rubik-Light.ttf */; };
		11FF1058226470A60077F4E7 /* Rubik-Medium.ttf in Resources */ = {isa = PBXBuildFile; fileRef = 11FF104E226470A60077F4E7 /* Rubik-Medium.ttf */; };
		11FF1059226470A60077F4E7 /* Rubik-MediumItalic.ttf in Resources */ = {isa = PBXBuildFile; fileRef = 11FF104F226470A60077F4E7 /* Rubik-MediumItalic.ttf */; };
		11FF105A226470A60077F4E7 /* Rubik-BoldItalic.ttf in Resources */ = {isa = PBXBuildFile; fileRef = 11FF1050226470A60077F4E7 /* Rubik-BoldItalic.ttf */; };
		11FF105B226470A60077F4E7 /* Rubik-Bold.ttf in Resources */ = {isa = PBXBuildFile; fileRef = 11FF1051226470A60077F4E7 /* Rubik-Bold.ttf */; };
		11FF105C226470A60077F4E7 /* Rubik-LightItalic.ttf in Resources */ = {isa = PBXBuildFile; fileRef = 11FF1052226470A60077F4E7 /* Rubik-LightItalic.ttf */; };
		11FF105E22647F080077F4E7 /* RestautantDetailHeaderView.swift in Sources */ = {isa = PBXBuildFile; fileRef = 11FF105D22647F080077F4E7 /* RestautantDetailHeaderView.swift */; };
		11FF1060226594AC0077F4E7 /* RestaurantDetailViewAPCell.swift in Sources */ = {isa = PBXBuildFile; fileRef = 11FF105F226594AC0077F4E7 /* RestaurantDetailViewAPCell.swift */; };
		11FF1062226595080077F4E7 /* RestautantDetailViewDescCell.swift in Sources */ = {isa = PBXBuildFile; fileRef = 11FF1061226595080077F4E7 /* RestautantDetailViewDescCell.swift */; };
		11FF106422671DCF0077F4E7 /* FoodieNavigationController.swift in Sources */ = {isa = PBXBuildFile; fileRef = 11FF106322671DCF0077F4E7 /* FoodieNavigationController.swift */; };
		11FF1067226736560077F4E7 /* MapKit.framework in Frameworks */ = {isa = PBXBuildFile; fileRef = 11FF1066226736560077F4E7 /* MapKit.framework */; };
		11FF10692267907B0077F4E7 /* RestaurantDetailThumbnailMapCell.swift in Sources */ = {isa = PBXBuildFile; fileRef = 11FF10682267907B0077F4E7 /* RestaurantDetailThumbnailMapCell.swift */; };
/* End PBXBuildFile section */

/* Begin PBXFileReference section */
		11169632227077CB0081443E /* NewRestaurantTableViewController.swift */ = {isa = PBXFileReference; lastKnownFileType = sourcecode.swift; path = NewRestaurantTableViewController.swift; sourceTree = "<group>"; };
		11169634227180FE0081443E /* RoundTextView.swift */ = {isa = PBXFileReference; lastKnownFileType = sourcecode.swift; path = RoundTextView.swift; sourceTree = "<group>"; };
		112C8F9022897654000CD87B /* WalkThroughScreen.storyboard */ = {isa = PBXFileReference; lastKnownFileType = file.storyboard; path = WalkThroughScreen.storyboard; sourceTree = "<group>"; };
		112C8F92228ABA90000CD87B /* WalkthrougPageContentViewController.swift */ = {isa = PBXFileReference; lastKnownFileType = sourcecode.swift; path = WalkthrougPageContentViewController.swift; sourceTree = "<group>"; };
		112C8F94228ABDB1000CD87B /* WalkthroughPageViewController.swift */ = {isa = PBXFileReference; lastKnownFileType = sourcecode.swift; path = WalkthroughPageViewController.swift; sourceTree = "<group>"; };
		112C8F96228AC51F000CD87B /* WalkthroughViewController.swift */ = {isa = PBXFileReference; lastKnownFileType = sourcecode.swift; path = WalkthroughViewController.swift; sourceTree = "<group>"; };
		1143327D22679BF200B3180A /* RestaurantDetailMapViewController.swift */ = {isa = PBXFileReference; lastKnownFileType = sourcecode.swift; path = RestaurantDetailMapViewController.swift; sourceTree = "<group>"; };
		1143327F226B12BF00B3180A /* RestaurantRateViewController.swift */ = {isa = PBXFileReference; lastKnownFileType = sourcecode.swift; path = RestaurantRateViewController.swift; sourceTree = "<group>"; };
		118F8984227AD91E0068295C /* foodie.xcdatamodel */ = {isa = PBXFileReference; lastKnownFileType = wrapper.xcdatamodel; path = foodie.xcdatamodel; sourceTree = "<group>"; };
		11D18B9D22804EEA006CB7FD /* Assets.xcassets */ = {isa = PBXFileReference; lastKnownFileType = folder.assetcatalog; path = Assets.xcassets; sourceTree = "<group>"; };
		11FF1026226086A20077F4E7 /* foodieApp.app */ = {isa = PBXFileReference; explicitFileType = wrapper.application; includeInIndex = 0; path = foodieApp.app; sourceTree = BUILT_PRODUCTS_DIR; };
		11FF1029226086A20077F4E7 /* AppDelegate.swift */ = {isa = PBXFileReference; lastKnownFileType = sourcecode.swift; path = AppDelegate.swift; sourceTree = "<group>"; };
		11FF102E226086A20077F4E7 /* Base */ = {isa = PBXFileReference; lastKnownFileType = file.storyboard; name = Base; path = Base.lproj/Main.storyboard; sourceTree = "<group>"; };
		11FF1033226086A30077F4E7 /* Base */ = {isa = PBXFileReference; lastKnownFileType = file.storyboard; name = Base; path = Base.lproj/LaunchScreen.storyboard; sourceTree = "<group>"; };
		11FF1035226086A30077F4E7 /* Info.plist */ = {isa = PBXFileReference; lastKnownFileType = text.plist.xml; path = Info.plist; sourceTree = "<group>"; };
		11FF103B2260A5FB0077F4E7 /* RestaurantTableViewController.swift */ = {isa = PBXFileReference; lastKnownFileType = sourcecode.swift; path = RestaurantTableViewController.swift; sourceTree = "<group>"; };
		11FF10412261AA220077F4E7 /* RestaurantTableViewCell.swift */ = {isa = PBXFileReference; lastKnownFileType = sourcecode.swift; path = RestaurantTableViewCell.swift; sourceTree = "<group>"; };
		11FF10432261B18A0077F4E7 /* Restaurant.swift */ = {isa = PBXFileReference; lastKnownFileType = sourcecode.swift; path = Restaurant.swift; sourceTree = "<group>"; };
		11FF1045226300100077F4E7 /* RestautantDetailViewController.swift */ = {isa = PBXFileReference; lastKnownFileType = sourcecode.swift; path = RestautantDetailViewController.swift; sourceTree = "<group>"; };
		11FF1049226470A60077F4E7 /* Rubik-BlackItalic.ttf */ = {isa = PBXFileReference; lastKnownFileType = file; path = "Rubik-BlackItalic.ttf"; sourceTree = "<group>"; };
		11FF104A226470A60077F4E7 /* Rubik-Regular.ttf */ = {isa = PBXFileReference; lastKnownFileType = file; path = "Rubik-Regular.ttf"; sourceTree = "<group>"; };
		11FF104B226470A60077F4E7 /* Rubik-Black.ttf */ = {isa = PBXFileReference; lastKnownFileType = file; path = "Rubik-Black.ttf"; sourceTree = "<group>"; };
		11FF104C226470A60077F4E7 /* Rubik-Italic.ttf */ = {isa = PBXFileReference; lastKnownFileType = file; path = "Rubik-Italic.ttf"; sourceTree = "<group>"; };
		11FF104D226470A60077F4E7 /* Rubik-Light.ttf */ = {isa = PBXFileReference; lastKnownFileType = file; path = "Rubik-Light.ttf"; sourceTree = "<group>"; };
		11FF104E226470A60077F4E7 /* Rubik-Medium.ttf */ = {isa = PBXFileReference; lastKnownFileType = file; path = "Rubik-Medium.ttf"; sourceTree = "<group>"; };
		11FF104F226470A60077F4E7 /* Rubik-MediumItalic.ttf */ = {isa = PBXFileReference; lastKnownFileType = file; path = "Rubik-MediumItalic.ttf"; sourceTree = "<group>"; };
		11FF1050226470A60077F4E7 /* Rubik-BoldItalic.ttf */ = {isa = PBXFileReference; lastKnownFileType = file; path = "Rubik-BoldItalic.ttf"; sourceTree = "<group>"; };
		11FF1051226470A60077F4E7 /* Rubik-Bold.ttf */ = {isa = PBXFileReference; lastKnownFileType = file; path = "Rubik-Bold.ttf"; sourceTree = "<group>"; };
		11FF1052226470A60077F4E7 /* Rubik-LightItalic.ttf */ = {isa = PBXFileReference; lastKnownFileType = file; path = "Rubik-LightItalic.ttf"; sourceTree = "<group>"; };
		11FF105D22647F080077F4E7 /* RestautantDetailHeaderView.swift */ = {isa = PBXFileReference; lastKnownFileType = sourcecode.swift; path = RestautantDetailHeaderView.swift; sourceTree = "<group>"; };
		11FF105F226594AC0077F4E7 /* RestaurantDetailViewAPCell.swift */ = {isa = PBXFileReference; lastKnownFileType = sourcecode.swift; path = RestaurantDetailViewAPCell.swift; sourceTree = "<group>"; };
		11FF1061226595080077F4E7 /* RestautantDetailViewDescCell.swift */ = {isa = PBXFileReference; lastKnownFileType = sourcecode.swift; path = RestautantDetailViewDescCell.swift; sourceTree = "<group>"; };
		11FF106322671DCF0077F4E7 /* FoodieNavigationController.swift */ = {isa = PBXFileReference; lastKnownFileType = sourcecode.swift; path = FoodieNavigationController.swift; sourceTree = "<group>"; };
		11FF1066226736560077F4E7 /* MapKit.framework */ = {isa = PBXFileReference; lastKnownFileType = wrapper.framework; name = MapKit.framework; path = System/Library/Frameworks/MapKit.framework; sourceTree = SDKROOT; };
		11FF10682267907B0077F4E7 /* RestaurantDetailThumbnailMapCell.swift */ = {isa = PBXFileReference; lastKnownFileType = sourcecode.swift; path = RestaurantDetailThumbnailMapCell.swift; sourceTree = "<group>"; };
/* End PBXFileReference section */

/* Begin PBXFrameworksBuildPhase section */
		11FF1023226086A20077F4E7 /* Frameworks */ = {
			isa = PBXFrameworksBuildPhase;
			buildActionMask = 2147483647;
			files = (
				11FF1067226736560077F4E7 /* MapKit.framework in Frameworks */,
			);
			runOnlyForDeploymentPostprocessing = 0;
		};
/* End PBXFrameworksBuildPhase section */

/* Begin PBXGroup section */
		11FF101D226086A20077F4E7 = {
			isa = PBXGroup;
			children = (
				11FF1028226086A20077F4E7 /* foodieApp */,
				11FF1027226086A20077F4E7 /* Products */,
				11FF1065226736560077F4E7 /* Frameworks */,
			);
			sourceTree = "<group>";
		};
		11FF1027226086A20077F4E7 /* Products */ = {
			isa = PBXGroup;
			children = (
				11FF1026226086A20077F4E7 /* foodieApp.app */,
			);
			name = Products;
			sourceTree = "<group>";
		};
		11FF1028226086A20077F4E7 /* foodieApp */ = {
			isa = PBXGroup;
			children = (
				11FF1047226470720077F4E7 /* Resource */,
				11FF10402261A97A0077F4E7 /* SupportFiles */,
				11FF103F2261A96E0077F4E7 /* Controller */,
				11FF103E2261A9650077F4E7 /* View */,
				11FF103D2261A9500077F4E7 /* Modle */,
				11FF1035226086A30077F4E7 /* Info.plist */,
			);
			path = foodieApp;
			sourceTree = "<group>";
		};
		11FF103D2261A9500077F4E7 /* Modle */ = {
			isa = PBXGroup;
			children = (
				118F8983227AD91E0068295C /* foodie.xcdatamodeld */,
				11FF10432261B18A0077F4E7 /* Restaurant.swift */,
			);
			path = Modle;
			sourceTree = "<group>";
		};
		11FF103E2261A9650077F4E7 /* View */ = {
			isa = PBXGroup;
			children = (
				112C8F9022897654000CD87B /* WalkThroughScreen.storyboard */,
				11FF102D226086A20077F4E7 /* Main.storyboard */,
				11FF1032226086A30077F4E7 /* LaunchScreen.storyboard */,
				11FF10412261AA220077F4E7 /* RestaurantTableViewCell.swift */,
				11FF105D22647F080077F4E7 /* RestautantDetailHeaderView.swift */,
				11FF105F226594AC0077F4E7 /* RestaurantDetailViewAPCell.swift */,
				11FF1061226595080077F4E7 /* RestautantDetailViewDescCell.swift */,
				11FF10682267907B0077F4E7 /* RestaurantDetailThumbnailMapCell.swift */,
				11169634227180FE0081443E /* RoundTextView.swift */,
			);
			path = View;
			sourceTree = "<group>";
		};
		11FF103F2261A96E0077F4E7 /* Controller */ = {
			isa = PBXGroup;
			children = (
				11FF103B2260A5FB0077F4E7 /* RestaurantTableViewController.swift */,
				11FF1045226300100077F4E7 /* RestautantDetailViewController.swift */,
				11FF106322671DCF0077F4E7 /* FoodieNavigationController.swift */,
				1143327D22679BF200B3180A /* RestaurantDetailMapViewController.swift */,
				1143327F226B12BF00B3180A /* RestaurantRateViewController.swift */,
				11169632227077CB0081443E /* NewRestaurantTableViewController.swift */,
				112C8F92228ABA90000CD87B /* WalkthrougPageContentViewController.swift */,
				112C8F94228ABDB1000CD87B /* WalkthroughPageViewController.swift */,
				112C8F96228AC51F000CD87B /* WalkthroughViewController.swift */,
			);
			path = Controller;
			sourceTree = "<group>";
		};
		11FF10402261A97A0077F4E7 /* SupportFiles */ = {
			isa = PBXGroup;
			children = (
				11FF1029226086A20077F4E7 /* AppDelegate.swift */,
			);
			path = SupportFiles;
			sourceTree = "<group>";
		};
		11FF1047226470720077F4E7 /* Resource */ = {
			isa = PBXGroup;
			children = (
				11D18B9D22804EEA006CB7FD /* Assets.xcassets */,
				11FF10482264708D0077F4E7 /* Font */,
			);
			path = Resource;
			sourceTree = "<group>";
		};
		11FF10482264708D0077F4E7 /* Font */ = {
			isa = PBXGroup;
			children = (
				11FF104B226470A60077F4E7 /* Rubik-Black.ttf */,
				11FF1049226470A60077F4E7 /* Rubik-BlackItalic.ttf */,
				11FF1051226470A60077F4E7 /* Rubik-Bold.ttf */,
				11FF1050226470A60077F4E7 /* Rubik-BoldItalic.ttf */,
				11FF104C226470A60077F4E7 /* Rubik-Italic.ttf */,
				11FF104D226470A60077F4E7 /* Rubik-Light.ttf */,
				11FF1052226470A60077F4E7 /* Rubik-LightItalic.ttf */,
				11FF104E226470A60077F4E7 /* Rubik-Medium.ttf */,
				11FF104F226470A60077F4E7 /* Rubik-MediumItalic.ttf */,
				11FF104A226470A60077F4E7 /* Rubik-Regular.ttf */,
			);
			path = Font;
			sourceTree = "<group>";
		};
		11FF1065226736560077F4E7 /* Frameworks */ = {
			isa = PBXGroup;
			children = (
				11FF1066226736560077F4E7 /* MapKit.framework */,
			);
			name = Frameworks;
			sourceTree = "<group>";
		};
/* End PBXGroup section */

/* Begin PBXNativeTarget section */
		11FF1025226086A20077F4E7 /* foodieApp */ = {
			isa = PBXNativeTarget;
			buildConfigurationList = 11FF1038226086A30077F4E7 /* Build configuration list for PBXNativeTarget "foodieApp" */;
			buildPhases = (
				11FF1022226086A20077F4E7 /* Sources */,
				11FF1023226086A20077F4E7 /* Frameworks */,
				11FF1024226086A20077F4E7 /* Resources */,
			);
			buildRules = (
			);
			dependencies = (
			);
			name = foodieApp;
			productName = foodieApp;
			productReference = 11FF1026226086A20077F4E7 /* foodieApp.app */;
			productType = "com.apple.product-type.application";
		};
/* End PBXNativeTarget section */

/* Begin PBXProject section */
		11FF101E226086A20077F4E7 /* Project object */ = {
			isa = PBXProject;
			attributes = {
				LastSwiftUpdateCheck = 1010;
				LastUpgradeCheck = 1010;
				ORGANIZATIONNAME = sy;
				TargetAttributes = {
					11FF1025226086A20077F4E7 = {
						CreatedOnToolsVersion = 10.1;
						SystemCapabilities = {
							com.apple.Maps.iOS = {
								enabled = 1;
							};
						};
					};
				};
			};
			buildConfigurationList = 11FF1021226086A20077F4E7 /* Build configuration list for PBXProject "foodieApp" */;
			compatibilityVersion = "Xcode 9.3";
			developmentRegion = en;
			hasScannedForEncodings = 0;
			knownRegions = (
				en,
				Base,
			);
			mainGroup = 11FF101D226086A20077F4E7;
			productRefGroup = 11FF1027226086A20077F4E7 /* Products */;
			projectDirPath = "";
			projectRoot = "";
			targets = (
				11FF1025226086A20077F4E7 /* foodieApp */,
			);
		};
/* End PBXProject section */

/* Begin PBXResourcesBuildPhase section */
		11FF1024226086A20077F4E7 /* Resources */ = {
			isa = PBXResourcesBuildPhase;
			buildActionMask = 2147483647;
			files = (
				11FF1055226470A60077F4E7 /* Rubik-Black.ttf in Resources */,
				11FF105B226470A60077F4E7 /* Rubik-Bold.ttf in Resources */,
				11FF1034226086A30077F4E7 /* LaunchScreen.storyboard in Resources */,
				11FF1053226470A60077F4E7 /* Rubik-BlackItalic.ttf in Resources */,
				11FF1056226470A60077F4E7 /* Rubik-Italic.ttf in Resources */,
				11FF1057226470A60077F4E7 /* Rubik-Light.ttf in Resources */,
				11D18B9E22804EEA006CB7FD /* Assets.xcassets in Resources */,
				112C8F9122897654000CD87B /* WalkThroughScreen.storyboard in Resources */,
				11FF105C226470A60077F4E7 /* Rubik-LightItalic.ttf in Resources */,
				11FF105A226470A60077F4E7 /* Rubik-BoldItalic.ttf in Resources */,
				11FF1058226470A60077F4E7 /* Rubik-Medium.ttf in Resources */,
				11FF1059226470A60077F4E7 /* Rubik-MediumItalic.ttf in Resources */,
				11FF1054226470A60077F4E7 /* Rubik-Regular.ttf in Resources */,
				11FF102F226086A20077F4E7 /* Main.storyboard in Resources */,
			);
			runOnlyForDeploymentPostprocessing = 0;
		};
/* End PBXResourcesBuildPhase section */

/* Begin PBXSourcesBuildPhase section */
		11FF1022226086A20077F4E7 /* Sources */ = {
			isa = PBXSourcesBuildPhase;
			buildActionMask = 2147483647;
			files = (
				11FF105E22647F080077F4E7 /* RestautantDetailHeaderView.swift in Sources */,
				11433280226B12BF00B3180A /* RestaurantRateViewController.swift in Sources */,
				11169635227180FE0081443E /* RoundTextView.swift in Sources */,
				112C8F97228AC51F000CD87B /* WalkthroughViewController.swift in Sources */,
				112C8F93228ABA90000CD87B /* WalkthrougPageContentViewController.swift in Sources */,
				11169633227077CB0081443E /* NewRestaurantTableViewController.swift in Sources */,
				11FF1062226595080077F4E7 /* RestautantDetailViewDescCell.swift in Sources */,
				11FF1046226300100077F4E7 /* RestautantDetailViewController.swift in Sources */,
				112C8F95228ABDB1000CD87B /* WalkthroughPageViewController.swift in Sources */,
				11FF10442261B18A0077F4E7 /* Restaurant.swift in Sources */,
				11FF102A226086A20077F4E7 /* AppDelegate.swift in Sources */,
				11FF10422261AA220077F4E7 /* RestaurantTableViewCell.swift in Sources */,
				1143327E22679BF200B3180A /* RestaurantDetailMapViewController.swift in Sources */,
				11FF106422671DCF0077F4E7 /* FoodieNavigationController.swift in Sources */,
				118F8985227AD91E0068295C /* foodie.xcdatamodeld in Sources */,
				11FF103C2260A5FB0077F4E7 /* RestaurantTableViewController.swift in Sources */,
				11FF1060226594AC0077F4E7 /* RestaurantDetailViewAPCell.swift in Sources */,
				11FF10692267907B0077F4E7 /* RestaurantDetailThumbnailMapCell.swift in Sources */,
			);
			runOnlyForDeploymentPostprocessing = 0;
		};
/* End PBXSourcesBuildPhase section */

/* Begin PBXVariantGroup section */
		11FF102D226086A20077F4E7 /* Main.storyboard */ = {
			isa = PBXVariantGroup;
			children = (
				11FF102E226086A20077F4E7 /* Base */,
			);
			name = Main.storyboard;
			sourceTree = "<group>";
		};
		11FF1032226086A30077F4E7 /* LaunchScreen.storyboard */ = {
			isa = PBXVariantGroup;
			children = (
				11FF1033226086A30077F4E7 /* Base */,
			);
			name = LaunchScreen.storyboard;
			sourceTree = "<group>";
		};
/* End PBXVariantGroup section */

/* Begin XCBuildConfiguration section */
		11FF1036226086A30077F4E7 /* Debug */ = {
			isa = XCBuildConfiguration;
			buildSettings = {
				ALWAYS_SEARCH_USER_PATHS = NO;
				CLANG_ANALYZER_NONNULL = YES;
				CLANG_ANALYZER_NUMBER_OBJECT_CONVERSION = YES_AGGRESSIVE;
				CLANG_CXX_LANGUAGE_STANDARD = "gnu++14";
				CLANG_CXX_LIBRARY = "libc++";
				CLANG_ENABLE_MODULES = YES;
				CLANG_ENABLE_OBJC_ARC = YES;
				CLANG_ENABLE_OBJC_WEAK = YES;
				CLANG_WARN_BLOCK_CAPTURE_AUTORELEASING = YES;
				CLANG_WARN_BOOL_CONVERSION = YES;
				CLANG_WARN_COMMA = YES;
				CLANG_WARN_CONSTANT_CONVERSION = YES;
				CLANG_WARN_DEPRECATED_OBJC_IMPLEMENTATIONS = YES;
				CLANG_WARN_DIRECT_OBJC_ISA_USAGE = YES_ERROR;
				CLANG_WARN_DOCUMENTATION_COMMENTS = YES;
				CLANG_WARN_EMPTY_BODY = YES;
				CLANG_WARN_ENUM_CONVERSION = YES;
				CLANG_WARN_INFINITE_RECURSION = YES;
				CLANG_WARN_INT_CONVERSION = YES;
				CLANG_WARN_NON_LITERAL_NULL_CONVERSION = YES;
				CLANG_WARN_OBJC_IMPLICIT_RETAIN_SELF = YES;
				CLANG_WARN_OBJC_LITERAL_CONVERSION = YES;
				CLANG_WARN_OBJC_ROOT_CLASS = YES_ERROR;
				CLANG_WARN_RANGE_LOOP_ANALYSIS = YES;
				CLANG_WARN_STRICT_PROTOTYPES = YES;
				CLANG_WARN_SUSPICIOUS_MOVE = YES;
				CLANG_WARN_UNGUARDED_AVAILABILITY = YES_AGGRESSIVE;
				CLANG_WARN_UNREACHABLE_CODE = YES;
				CLANG_WARN__DUPLICATE_METHOD_MATCH = YES;
				CODE_SIGN_IDENTITY = "iPhone Developer";
				COPY_PHASE_STRIP = NO;
				DEBUG_INFORMATION_FORMAT = dwarf;
				ENABLE_STRICT_OBJC_MSGSEND = YES;
				ENABLE_TESTABILITY = YES;
				GCC_C_LANGUAGE_STANDARD = gnu11;
				GCC_DYNAMIC_NO_PIC = NO;
				GCC_NO_COMMON_BLOCKS = YES;
				GCC_OPTIMIZATION_LEVEL = 0;
				GCC_PREPROCESSOR_DEFINITIONS = (
					"DEBUG=1",
					"$(inherited)",
				);
				GCC_WARN_64_TO_32_BIT_CONVERSION = YES;
				GCC_WARN_ABOUT_RETURN_TYPE = YES_ERROR;
				GCC_WARN_UNDECLARED_SELECTOR = YES;
				GCC_WARN_UNINITIALIZED_AUTOS = YES_AGGRESSIVE;
				GCC_WARN_UNUSED_FUNCTION = YES;
				GCC_WARN_UNUSED_VARIABLE = YES;
				IPHONEOS_DEPLOYMENT_TARGET = 12.1;
				MTL_ENABLE_DEBUG_INFO = INCLUDE_SOURCE;
				MTL_FAST_MATH = YES;
				ONLY_ACTIVE_ARCH = YES;
				SDKROOT = iphoneos;
				SWIFT_ACTIVE_COMPILATION_CONDITIONS = DEBUG;
				SWIFT_OPTIMIZATION_LEVEL = "-Onone";
			};
			name = Debug;
		};
		11FF1037226086A30077F4E7 /* Release */ = {
			isa = XCBuildConfiguration;
			buildSettings = {
				ALWAYS_SEARCH_USER_PATHS = NO;
				CLANG_ANALYZER_NONNULL = YES;
				CLANG_ANALYZER_NUMBER_OBJECT_CONVERSION = YES_AGGRESSIVE;
				CLANG_CXX_LANGUAGE_STANDARD = "gnu++14";
				CLANG_CXX_LIBRARY = "libc++";
				CLANG_ENABLE_MODULES = YES;
				CLANG_ENABLE_OBJC_ARC = YES;
				CLANG_ENABLE_OBJC_WEAK = YES;
				CLANG_WARN_BLOCK_CAPTURE_AUTORELEASING = YES;
				CLANG_WARN_BOOL_CONVERSION = YES;
				CLANG_WARN_COMMA = YES;
				CLANG_WARN_CONSTANT_CONVERSION = YES;
				CLANG_WARN_DEPRECATED_OBJC_IMPLEMENTATIONS = YES;
				CLANG_WARN_DIRECT_OBJC_ISA_USAGE = YES_ERROR;
				CLANG_WARN_DOCUMENTATION_COMMENTS = YES;
				CLANG_WARN_EMPTY_BODY = YES;
				CLANG_WARN_ENUM_CONVERSION = YES;
				CLANG_WARN_INFINITE_RECURSION = YES;
				CLANG_WARN_INT_CONVERSION = YES;
				CLANG_WARN_NON_LITERAL_NULL_CONVERSION = YES;
				CLANG_WARN_OBJC_IMPLICIT_RETAIN_SELF = YES;
				CLANG_WARN_OBJC_LITERAL_CONVERSION = YES;
				CLANG_WARN_OBJC_ROOT_CLASS = YES_ERROR;
				CLANG_WARN_RANGE_LOOP_ANALYSIS = YES;
				CLANG_WARN_STRICT_PROTOTYPES = YES;
				CLANG_WARN_SUSPICIOUS_MOVE = YES;
				CLANG_WARN_UNGUARDED_AVAILABILITY = YES_AGGRESSIVE;
				CLANG_WARN_UNREACHABLE_CODE = YES;
				CLANG_WARN__DUPLICATE_METHOD_MATCH = YES;
				CODE_SIGN_IDENTITY = "iPhone Developer";
				COPY_PHASE_STRIP = NO;
				DEBUG_INFORMATION_FORMAT = "dwarf-with-dsym";
				ENABLE_NS_ASSERTIONS = NO;
				ENABLE_STRICT_OBJC_MSGSEND = YES;
				GCC_C_LANGUAGE_STANDARD = gnu11;
				GCC_NO_COMMON_BLOCKS = YES;
				GCC_WARN_64_TO_32_BIT_CONVERSION = YES;
				GCC_WARN_ABOUT_RETURN_TYPE = YES_ERROR;
				GCC_WARN_UNDECLARED_SELECTOR = YES;
				GCC_WARN_UNINITIALIZED_AUTOS = YES_AGGRESSIVE;
				GCC_WARN_UNUSED_FUNCTION = YES;
				GCC_WARN_UNUSED_VARIABLE = YES;
				IPHONEOS_DEPLOYMENT_TARGET = 12.1;
				MTL_ENABLE_DEBUG_INFO = NO;
				MTL_FAST_MATH = YES;
				SDKROOT = iphoneos;
				SWIFT_COMPILATION_MODE = wholemodule;
				SWIFT_OPTIMIZATION_LEVEL = "-O";
				VALIDATE_PRODUCT = YES;
			};
			name = Release;
		};
		11FF1039226086A30077F4E7 /* Debug */ = {
			isa = XCBuildConfiguration;
			buildSettings = {
				ASSETCATALOG_COMPILER_APPICON_NAME = AppIcon;
				CODE_SIGN_STYLE = Automatic;
				DEVELOPMENT_TEAM = 7Q4QUU55W5;
				INFOPLIST_FILE = foodieApp/Info.plist;
				LD_RUNPATH_SEARCH_PATHS = (
					"$(inherited)",
					"@executable_path/Frameworks",
				);
				PRODUCT_BUNDLE_IDENTIFIER = com.personal.sy.foodieApp;
				PRODUCT_NAME = "$(TARGET_NAME)";
				SWIFT_VERSION = 4.2;
				TARGETED_DEVICE_FAMILY = "1,2";
			};
			name = Debug;
		};
		11FF103A226086A30077F4E7 /* Release */ = {
			isa = XCBuildConfiguration;
			buildSettings = {
				ASSETCATALOG_COMPILER_APPICON_NAME = AppIcon;
				CODE_SIGN_STYLE = Automatic;
				DEVELOPMENT_TEAM = 7Q4QUU55W5;
				INFOPLIST_FILE = foodieApp/Info.plist;
				LD_RUNPATH_SEARCH_PATHS = (
					"$(inherited)",
					"@executable_path/Frameworks",
				);
				PRODUCT_BUNDLE_IDENTIFIER = com.personal.sy.foodieApp;
				PRODUCT_NAME = "$(TARGET_NAME)";
				SWIFT_VERSION = 4.2;
				TARGETED_DEVICE_FAMILY = "1,2";
			};
			name = Release;
		};
/* End XCBuildConfiguration section */

/* Begin XCConfigurationList section */
		11FF1021226086A20077F4E7 /* Build configuration list for PBXProject "foodieApp" */ = {
			isa = XCConfigurationList;
			buildConfigurations = (
				11FF1036226086A30077F4E7 /* Debug */,
				11FF1037226086A30077F4E7 /* Release */,
			);
			defaultConfigurationIsVisible = 0;
			defaultConfigurationName = Release;
		};
		11FF1038226086A30077F4E7 /* Build configuration list for PBXNativeTarget "foodieApp" */ = {
			isa = XCConfigurationList;
			buildConfigurations = (
				11FF1039226086A30077F4E7 /* Debug */,
				11FF103A226086A30077F4E7 /* Release */,
			);
			defaultConfigurationIsVisible = 0;
			defaultConfigurationName = Release;
		};
/* End XCConfigurationList section */

/* Begin XCVersionGroup section */
		118F8983227AD91E0068295C /* foodie.xcdatamodeld */ = {
			isa = XCVersionGroup;
			children = (
				118F8984227AD91E0068295C /* foodie.xcdatamodel */,
			);
			currentVersion = 118F8984227AD91E0068295C /* foodie.xcdatamodel */;
			path = foodie.xcdatamodeld;
			sourceTree = "<group>";
			versionGroupType = wrapper.xcdatamodel;
		};
/* End XCVersionGroup section */
	};
	rootObject = 11FF101E226086A20077F4E7 /* Project object */;
}
